
Microsoft Visual Studio Solution File, Format Version 12.00
# Visual Studio Version 16
VisualStudioVersion = 16.0.29215.179
MinimumVisualStudioVersion = 10.0.40219.1
Project("{9A19103F-16F7-4668-BE54-9A1E7A4F7556}") = "Gatling.Runner", "Gatling.Runner.csproj", "{DFE3F488-1B1F-47EC-BE6C-A921385EA2FF}"
EndProject
Project("{FAE04EC0-301F-11D3-BF4B-00C04F79EFBC}") = "Gatling.Orchestrator", "..\Gatling.Orchestrator\Gatling.Orchestrator.csproj", "{C8217D38-D7C9-4A50-9839-4FA2A38E3944}"
EndProject
Global
	GlobalSection(SolutionConfigurationPlatforms) = preSolution
		Debug|Any CPU = Debug|Any CPU
		Release|Any CPU = Release|Any CPU
	EndGlobalSection
	GlobalSection(ProjectConfigurationPlatforms) = postSolution
		{DFE3F488-1B1F-47EC-BE6C-A921385EA2FF}.Debug|Any CPU.ActiveCfg = Debug|Any CPU
		{DFE3F488-1B1F-47EC-BE6C-A921385EA2FF}.Debug|Any CPU.Build.0 = Debug|Any CPU
		{DFE3F488-1B1F-47EC-BE6C-A921385EA2FF}.Release|Any CPU.ActiveCfg = Release|Any CPU
		{DFE3F488-1B1F-47EC-BE6C-A921385EA2FF}.Release|Any CPU.Build.0 = Release|Any CPU
		{C8217D38-D7C9-4A50-9839-4FA2A38E3944}.Debug|Any CPU.ActiveCfg = Debug|Any CPU
		{C8217D38-D7C9-4A50-9839-4FA2A38E3944}.Debug|Any CPU.Build.0 = Debug|Any CPU
		{C8217D38-D7C9-4A50-9839-4FA2A38E3944}.Release|Any CPU.ActiveCfg = Release|Any CPU
		{C8217D38-D7C9-4A50-9839-4FA2A38E3944}.Release|Any CPU.Build.0 = Release|Any CPU
	EndGlobalSection
	GlobalSection(SolutionProperties) = preSolution
		HideSolutionNode = FALSE
	EndGlobalSection
	GlobalSection(ExtensibilityGlobals) = postSolution
		SolutionGuid = {C52944CD-3EB9-4DF9-BE3E-C6A7C40FF177}
	EndGlobalSection
EndGlobal
